
Microsoft Visual Studio Solution File, Format Version 12.00
# Visual Studio Version 16
VisualStudioVersion = 16.0.31515.178
MinimumVisualStudioVersion = 10.0.40219.1
Project("{FAE04EC0-301F-11D3-BF4B-00C04F79EFBC}") = "Banco", "Banco\Banco.csproj", "{A258A6CD-B556-4B19-B74A-8C412A5587EB}"
EndProject
Global
	GlobalSection(SolutionConfigurationPlatforms) = preSolution
		Debug|Any CPU = Debug|Any CPU
		Release|Any CPU = Release|Any CPU
	EndGlobalSection
	GlobalSection(ProjectConfigurationPlatforms) = postSolution
		{A258A6CD-B556-4B19-B74A-8C412A5587EB}.Debug|Any CPU.ActiveCfg = Debug|Any CPU
		{A258A6CD-B556-4B19-B74A-8C412A5587EB}.Debug|Any CPU.Build.0 = Debug|Any CPU
		{A258A6CD-B556-4B19-B74A-8C412A5587EB}.Release|Any CPU.ActiveCfg = Release|Any CPU
		{A258A6CD-B556-4B19-B74A-8C412A5587EB}.Release|Any CPU.Build.0 = Release|Any CPU
	EndGlobalSection
	GlobalSection(SolutionProperties) = preSolution
		HideSolutionNode = FALSE
	EndGlobalSection
	GlobalSection(ExtensibilityGlobals) = postSolution
		SolutionGuid = {29B0E5F7-426B-4B66-855C-D6735846AE62}
	EndGlobalSection
EndGlobal
